// !$*UTF8*$!
{
	archiveVersion = 1;
	classes = {
	};
	objectVersion = 46;
	objects = {

/* Begin PBXBuildFile section */
		FE1A41E426032F6B006870A7 /* libSTLivenessDetector.a in Frameworks */ = {isa = PBXBuildFile; fileRef = FE1A41E326032F6B006870A7 /* libSTLivenessDetector.a */; };
		FE1A451526034886006870A7 /* MotionLiveness.m in Sources */ = {isa = PBXBuildFile; fileRef = FE1A451426034886006870A7 /* MotionLiveness.m */; };
		FE1E98562601E4A4001ACF5B /* RCTMotionLivenessView.m in Sources */ = {isa = PBXBuildFile; fileRef = FE1E98522601E4A4001ACF5B /* RCTMotionLivenessView.m */; };
		FE22BA52260300F20070044C /* Cml_LivingCheckController.m in Sources */ = {isa = PBXBuildFile; fileRef = FE22BA4E260300F10070044C /* Cml_LivingCheckController.m */; };
		FE22BA53260300F20070044C /* LivingSettingGLobalData.m in Sources */ = {isa = PBXBuildFile; fileRef = FE22BA51260300F20070044C /* LivingSettingGLobalData.m */; };
		FE96D5FB2602131D008CA97F /* STStartAndStopIndicatorView.m in Sources */ = {isa = PBXBuildFile; fileRef = FE96D5EB2602131D008CA97F /* STStartAndStopIndicatorView.m */; };
		FE96D5FC2602131D008CA97F /* STLivenessAudioPlayer.m in Sources */ = {isa = PBXBuildFile; fileRef = FE96D5EC2602131D008CA97F /* STLivenessAudioPlayer.m */; };
		FE96D5FD2602131D008CA97F /* STRippleAnimationView.m in Sources */ = {isa = PBXBuildFile; fileRef = FE96D5ED2602131D008CA97F /* STRippleAnimationView.m */; };
		FE96D5FE2602131D008CA97F /* UIView+EX.m in Sources */ = {isa = PBXBuildFile; fileRef = FE96D5EE2602131D008CA97F /* UIView+EX.m */; };
		FE96D5FF2602131D008CA97F /* STLivenessView.m in Sources */ = {isa = PBXBuildFile; fileRef = FE96D5EF2602131D008CA97F /* STLivenessView.m */; };
		FE96D6002602131D008CA97F /* STLivenessCamera.m in Sources */ = {isa = PBXBuildFile; fileRef = FE96D5F22602131D008CA97F /* STLivenessCamera.m */; };
		FE96D6012602131D008CA97F /* STLivenessController.m in Sources */ = {isa = PBXBuildFile; fileRef = FE96D5F82602131D008CA97F /* STLivenessController.m */; };
/* End PBXBuildFile section */

/* Begin PBXBuildRule section */
		FE1E984F2601E485001ACF5B /* PBXBuildRule */ = {
			isa = PBXBuildRule;
			compilerSpec = com.apple.compilers.proxy.script;
			fileType = sourcecode.metal;
			inputFiles = (
			);
			isEditable = 1;
			outputFiles = (
			);
			script = "# metal\n";
		};
		FE1E98502601E487001ACF5B /* PBXBuildRule */ = {
			isa = PBXBuildRule;
			compilerSpec = com.apple.compilers.proxy.script;
			fileType = sourcecode.metal;
			inputFiles = (
			);
			isEditable = 1;
			outputFiles = (
			);
			script = "# metal\n";
		};
		FE1E98512601E48B001ACF5B /* PBXBuildRule */ = {
			isa = PBXBuildRule;
			compilerSpec = com.apple.compilers.proxy.script;
			fileType = sourcecode.metal;
			inputFiles = (
			);
			isEditable = 1;
			outputFiles = (
			);
			script = "# metal\n";
		};
/* End PBXBuildRule section */

/* Begin PBXCopyFilesBuildPhase section */
		014A3B5A1C6CF33500B6D375 /* CopyFiles */ = {
			isa = PBXCopyFilesBuildPhase;
			buildActionMask = 2147483647;
			dstPath = "include/$(PRODUCT_NAME)";
			dstSubfolderSpec = 16;
			files = (
			);
			runOnlyForDeploymentPostprocessing = 0;
		};
/* End PBXCopyFilesBuildPhase section */

/* Begin PBXFileReference section */
		014A3B5C1C6CF33500B6D375 /* libmotionLiving.a */ = {isa = PBXFileReference; explicitFileType = archive.ar; includeInIndex = 0; path = libmotionLiving.a; sourceTree = BUILT_PRODUCTS_DIR; };
		FE1A41E326032F6B006870A7 /* libSTLivenessDetector.a */ = {isa = PBXFileReference; lastKnownFileType = archive.ar; path = libSTLivenessDetector.a; sourceTree = SOURCE_ROOT; };
		FE1A451326034886006870A7 /* MotionLiveness.h */ = {isa = PBXFileReference; lastKnownFileType = sourcecode.c.h; path = MotionLiveness.h; sourceTree = "<group>"; };
		FE1A451426034886006870A7 /* MotionLiveness.m */ = {isa = PBXFileReference; lastKnownFileType = sourcecode.c.objc; path = MotionLiveness.m; sourceTree = "<group>"; };
		FE1A49AF26044A40006870A7 /* st_liveness_resource.bundle */ = {isa = PBXFileReference; lastKnownFileType = "wrapper.plug-in"; name = st_liveness_resource.bundle; path = source/st_liveness_resource.bundle; sourceTree = "<group>"; };
		FE1E98522601E4A4001ACF5B /* RCTMotionLivenessView.m */ = {isa = PBXFileReference; fileEncoding = 4; lastKnownFileType = sourcecode.c.objc; path = RCTMotionLivenessView.m; sourceTree = "<group>"; };
		FE1E98532601E4A4001ACF5B /* RCTMotionLivenessDetailView.h */ = {isa = PBXFileReference; fileEncoding = 4; lastKnownFileType = sourcecode.c.h; path = RCTMotionLivenessDetailView.h; sourceTree = "<group>"; };
		FE1E98542601E4A4001ACF5B /* RCTMotionLivenessView.h */ = {isa = PBXFileReference; fileEncoding = 4; lastKnownFileType = sourcecode.c.h; path = RCTMotionLivenessView.h; sourceTree = "<group>"; };
		FE1E98552601E4A4001ACF5B /* RCTMotionLivenessDetailView.m */ = {isa = PBXFileReference; fileEncoding = 4; lastKnownFileType = sourcecode.c.objc; path = RCTMotionLivenessDetailView.m; sourceTree = "<group>"; };
		FE1E985B2601E4E9001ACF5B /* File.swift */ = {isa = PBXFileReference; fileEncoding = 4; lastKnownFileType = sourcecode.swift; path = File.swift; sourceTree = "<group>"; };
		FE1E985F2601E516001ACF5B /* motionLiving-Bridging-Header.h */ = {isa = PBXFileReference; fileEncoding = 4; lastKnownFileType = sourcecode.c.h; path = "motionLiving-Bridging-Header.h"; sourceTree = "<group>"; };
		FE22BA4E260300F10070044C /* Cml_LivingCheckController.m */ = {isa = PBXFileReference; fileEncoding = 4; lastKnownFileType = sourcecode.c.objc; path = Cml_LivingCheckController.m; sourceTree = "<group>"; };
		FE22BA4F260300F10070044C /* Cml_LivingCheckController.h */ = {isa = PBXFileReference; fileEncoding = 4; lastKnownFileType = sourcecode.c.h; path = Cml_LivingCheckController.h; sourceTree = "<group>"; };
		FE22BA50260300F10070044C /* LivingSettingGLobalData.h */ = {isa = PBXFileReference; fileEncoding = 4; lastKnownFileType = sourcecode.c.h; path = LivingSettingGLobalData.h; sourceTree = "<group>"; };
		FE22BA51260300F20070044C /* LivingSettingGLobalData.m */ = {isa = PBXFileReference; fileEncoding = 4; lastKnownFileType = sourcecode.c.objc; path = LivingSettingGLobalData.m; sourceTree = "<group>"; };
		FE96D5DD2602131C008CA97F /* STLivenessFace.h */ = {isa = PBXFileReference; fileEncoding = 4; lastKnownFileType = sourcecode.c.h; path = STLivenessFace.h; sourceTree = "<group>"; };
		FE96D5DE2602131C008CA97F /* STLivenessRect.h */ = {isa = PBXFileReference; fileEncoding = 4; lastKnownFileType = sourcecode.c.h; path = STLivenessRect.h; sourceTree = "<group>"; };
		FE96D5DF2602131C008CA97F /* STLivenessDetectionEnumType.h */ = {isa = PBXFileReference; fileEncoding = 4; lastKnownFileType = sourcecode.c.h; path = STLivenessDetectionEnumType.h; sourceTree = "<group>"; };
		FE96D5E02602131C008CA97F /* STLivenessEnumTypeHeader.h */ = {isa = PBXFileReference; fileEncoding = 4; lastKnownFileType = sourcecode.c.h; path = STLivenessEnumTypeHeader.h; sourceTree = "<group>"; };
		FE96D5E12602131C008CA97F /* STLivenessDetector.h */ = {isa = PBXFileReference; fileEncoding = 4; lastKnownFileType = sourcecode.c.h; path = STLivenessDetector.h; sourceTree = "<group>"; };
		FE96D5E22602131C008CA97F /* STLivenessDetectorDelegate.h */ = {isa = PBXFileReference; fileEncoding = 4; lastKnownFileType = sourcecode.c.h; path = STLivenessDetectorDelegate.h; sourceTree = "<group>"; };
		FE96D5E32602131C008CA97F /* STLivenessFaceEnumType.h */ = {isa = PBXFileReference; fileEncoding = 4; lastKnownFileType = sourcecode.c.h; path = STLivenessFaceEnumType.h; sourceTree = "<group>"; };
		FE96D5E42602131C008CA97F /* VERSION */ = {isa = PBXFileReference; fileEncoding = 4; lastKnownFileType = text; path = VERSION; sourceTree = "<group>"; };
		FE96D5E92602131D008CA97F /* STLivenessImage.h */ = {isa = PBXFileReference; fileEncoding = 4; lastKnownFileType = sourcecode.c.h; path = STLivenessImage.h; sourceTree = "<group>"; };
		FE96D5EB2602131D008CA97F /* STStartAndStopIndicatorView.m */ = {isa = PBXFileReference; fileEncoding = 4; lastKnownFileType = sourcecode.c.objc; path = STStartAndStopIndicatorView.m; sourceTree = "<group>"; };
		FE96D5EC2602131D008CA97F /* STLivenessAudioPlayer.m */ = {isa = PBXFileReference; fileEncoding = 4; lastKnownFileType = sourcecode.c.objc; path = STLivenessAudioPlayer.m; sourceTree = "<group>"; };
		FE96D5ED2602131D008CA97F /* STRippleAnimationView.m */ = {isa = PBXFileReference; fileEncoding = 4; lastKnownFileType = sourcecode.c.objc; path = STRippleAnimationView.m; sourceTree = "<group>"; };
		FE96D5EE2602131D008CA97F /* UIView+EX.m */ = {isa = PBXFileReference; fileEncoding = 4; lastKnownFileType = sourcecode.c.objc; path = "UIView+EX.m"; sourceTree = "<group>"; };
		FE96D5EF2602131D008CA97F /* STLivenessView.m */ = {isa = PBXFileReference; fileEncoding = 4; lastKnownFileType = sourcecode.c.objc; path = STLivenessView.m; sourceTree = "<group>"; };
		FE96D5F02602131D008CA97F /* STLivenessCommon.h */ = {isa = PBXFileReference; fileEncoding = 4; lastKnownFileType = sourcecode.c.h; path = STLivenessCommon.h; sourceTree = "<group>"; };
		FE96D5F12602131D008CA97F /* STLivenessController.h */ = {isa = PBXFileReference; fileEncoding = 4; lastKnownFileType = sourcecode.c.h; path = STLivenessController.h; sourceTree = "<group>"; };
		FE96D5F22602131D008CA97F /* STLivenessCamera.m */ = {isa = PBXFileReference; fileEncoding = 4; lastKnownFileType = sourcecode.c.objc; path = STLivenessCamera.m; sourceTree = "<group>"; };
		FE96D5F32602131D008CA97F /* STRippleAnimationView.h */ = {isa = PBXFileReference; fileEncoding = 4; lastKnownFileType = sourcecode.c.h; path = STRippleAnimationView.h; sourceTree = "<group>"; };
		FE96D5F42602131D008CA97F /* STLivenessAudioPlayer.h */ = {isa = PBXFileReference; fileEncoding = 4; lastKnownFileType = sourcecode.c.h; path = STLivenessAudioPlayer.h; sourceTree = "<group>"; };
		FE96D5F52602131D008CA97F /* STStartAndStopIndicatorView.h */ = {isa = PBXFileReference; fileEncoding = 4; lastKnownFileType = sourcecode.c.h; path = STStartAndStopIndicatorView.h; sourceTree = "<group>"; };
		FE96D5F62602131D008CA97F /* STLivenessView.h */ = {isa = PBXFileReference; fileEncoding = 4; lastKnownFileType = sourcecode.c.h; path = STLivenessView.h; sourceTree = "<group>"; };
		FE96D5F72602131D008CA97F /* UIView+EX.h */ = {isa = PBXFileReference; fileEncoding = 4; lastKnownFileType = sourcecode.c.h; path = "UIView+EX.h"; sourceTree = "<group>"; };
		FE96D5F82602131D008CA97F /* STLivenessController.m */ = {isa = PBXFileReference; fileEncoding = 4; lastKnownFileType = sourcecode.c.objc; path = STLivenessController.m; sourceTree = "<group>"; };
		FE96D5F92602131D008CA97F /* STLivenessCamera.h */ = {isa = PBXFileReference; fileEncoding = 4; lastKnownFileType = sourcecode.c.h; path = STLivenessCamera.h; sourceTree = "<group>"; };
/* End PBXFileReference section */

/* Begin PBXFrameworksBuildPhase section */
		014A3B591C6CF33500B6D375 /* Frameworks */ = {
			isa = PBXFrameworksBuildPhase;
			buildActionMask = 2147483647;
			files = (
				FE1A41E426032F6B006870A7 /* libSTLivenessDetector.a in Frameworks */,
			);
			runOnlyForDeploymentPostprocessing = 0;
		};
/* End PBXFrameworksBuildPhase section */

/* Begin PBXGroup section */
		014A3B531C6CF33500B6D375 = {
			isa = PBXGroup;
			children = (
				FE1E985B2601E4E9001ACF5B /* File.swift */,
				FE1A49AF26044A40006870A7 /* st_liveness_resource.bundle */,
				FE1E985F2601E516001ACF5B /* motionLiving-Bridging-Header.h */,
				FE1E98532601E4A4001ACF5B /* RCTMotionLivenessDetailView.h */,
				FE1E98552601E4A4001ACF5B /* RCTMotionLivenessDetailView.m */,
				FE1E98542601E4A4001ACF5B /* RCTMotionLivenessView.h */,
				FE1E98522601E4A4001ACF5B /* RCTMotionLivenessView.m */,
				FE1A451326034886006870A7 /* MotionLiveness.h */,
				FE1A451426034886006870A7 /* MotionLiveness.m */,
				FE22BA4F260300F10070044C /* Cml_LivingCheckController.h */,
				FE22BA4E260300F10070044C /* Cml_LivingCheckController.m */,
				FE22BA50260300F10070044C /* LivingSettingGLobalData.h */,
				FE22BA51260300F20070044C /* LivingSettingGLobalData.m */,
				FE96D5EA2602131D008CA97F /* STLivenessController */,
				FE96D5DC2602131C008CA97F /* STLivenessDetector */,
				014A3B5D1C6CF33500B6D375 /* Products */,
			);
			sourceTree = "<group>";
		};
		014A3B5D1C6CF33500B6D375 /* Products */ = {
			isa = PBXGroup;
			children = (
				014A3B5C1C6CF33500B6D375 /* libmotionLiving.a */,
			);
			name = Products;
			sourceTree = "<group>";
		};
		FE96D5DC2602131C008CA97F /* STLivenessDetector */ = {
			isa = PBXGroup;
			children = (
				FE96D5DD2602131C008CA97F /* STLivenessFace.h */,
				FE96D5DE2602131C008CA97F /* STLivenessRect.h */,
				FE96D5DF2602131C008CA97F /* STLivenessDetectionEnumType.h */,
				FE96D5E02602131C008CA97F /* STLivenessEnumTypeHeader.h */,
				FE96D5E12602131C008CA97F /* STLivenessDetector.h */,
				FE96D5E22602131C008CA97F /* STLivenessDetectorDelegate.h */,
				FE96D5E32602131C008CA97F /* STLivenessFaceEnumType.h */,
				FE96D5E42602131C008CA97F /* VERSION */,
				FE1A41E326032F6B006870A7 /* libSTLivenessDetector.a */,
				FE96D5E92602131D008CA97F /* STLivenessImage.h */,
			);
			path = STLivenessDetector;
			sourceTree = "<group>";
		};
		FE96D5EA2602131D008CA97F /* STLivenessController */ = {
			isa = PBXGroup;
			children = (
				FE96D5F42602131D008CA97F /* STLivenessAudioPlayer.h */,
				FE96D5EC2602131D008CA97F /* STLivenessAudioPlayer.m */,
				FE96D5F02602131D008CA97F /* STLivenessCommon.h */,
				FE96D5F12602131D008CA97F /* STLivenessController.h */,
				FE96D5F82602131D008CA97F /* STLivenessController.m */,
				FE96D5F92602131D008CA97F /* STLivenessCamera.h */,
				FE96D5F22602131D008CA97F /* STLivenessCamera.m */,
				FE96D5F32602131D008CA97F /* STRippleAnimationView.h */,
				FE96D5ED2602131D008CA97F /* STRippleAnimationView.m */,
				FE96D5F52602131D008CA97F /* STStartAndStopIndicatorView.h */,
				FE96D5EB2602131D008CA97F /* STStartAndStopIndicatorView.m */,
				FE96D5F62602131D008CA97F /* STLivenessView.h */,
				FE96D5EF2602131D008CA97F /* STLivenessView.m */,
				FE96D5F72602131D008CA97F /* UIView+EX.h */,
				FE96D5EE2602131D008CA97F /* UIView+EX.m */,
			);
			path = STLivenessController;
			sourceTree = "<group>";
		};
/* End PBXGroup section */

/* Begin PBXNativeTarget section */
		014A3B5B1C6CF33500B6D375 /* motionLiving */ = {
			isa = PBXNativeTarget;
			buildConfigurationList = 014A3B651C6CF33500B6D375 /* Build configuration list for PBXNativeTarget "motionLiving" */;
			buildPhases = (
				014A3B581C6CF33500B6D375 /* Sources */,
				014A3B591C6CF33500B6D375 /* Frameworks */,
				014A3B5A1C6CF33500B6D375 /* CopyFiles */,
			);
			buildRules = (
				FE1E98512601E48B001ACF5B /* PBXBuildRule */,
				FE1E98502601E487001ACF5B /* PBXBuildRule */,
				FE1E984F2601E485001ACF5B /* PBXBuildRule */,
			);
			dependencies = (
			);
			name = motionLiving;
			productName = RNImagePicker;
			productReference = 014A3B5C1C6CF33500B6D375 /* libmotionLiving.a */;
			productType = "com.apple.product-type.library.static";
		};
/* End PBXNativeTarget section */

/* Begin PBXProject section */
		014A3B541C6CF33500B6D375 /* Project object */ = {
			isa = PBXProject;
			attributes = {
				LastUpgradeCheck = 0720;
				ORGANIZATIONNAME = "Marc Shilling";
				TargetAttributes = {
					014A3B5B1C6CF33500B6D375 = {
						CreatedOnToolsVersion = 7.2.1;
						LastSwiftMigration = 1220;
					};
				};
			};
			buildConfigurationList = 014A3B571C6CF33500B6D375 /* Build configuration list for PBXProject "motionLiving" */;
			compatibilityVersion = "Xcode 3.2";
			developmentRegion = English;
			hasScannedForEncodings = 0;
			knownRegions = (
				English,
				en,
			);
			mainGroup = 014A3B531C6CF33500B6D375;
			productRefGroup = 014A3B5D1C6CF33500B6D375 /* Products */;
			projectDirPath = "";
			projectRoot = "";
			targets = (
				014A3B5B1C6CF33500B6D375 /* motionLiving */,
			);
		};
/* End PBXProject section */

/* Begin PBXSourcesBuildPhase section */
		014A3B581C6CF33500B6D375 /* Sources */ = {
			isa = PBXSourcesBuildPhase;
			buildActionMask = 2147483647;
			files = (
				FE96D5FD2602131D008CA97F /* STRippleAnimationView.m in Sources */,
				FE96D5FB2602131D008CA97F /* STStartAndStopIndicatorView.m in Sources */,
				FE1E98562601E4A4001ACF5B /* RCTMotionLivenessView.m in Sources */,
				FE96D5FE2602131D008CA97F /* UIView+EX.m in Sources */,
				FE96D5FF2602131D008CA97F /* STLivenessView.m in Sources */,
				FE96D6012602131D008CA97F /* STLivenessController.m in Sources */,
				FE96D5FC2602131D008CA97F /* STLivenessAudioPlayer.m in Sources */,
				FE1A451526034886006870A7 /* MotionLiveness.m in Sources */,
				FE22BA52260300F20070044C /* Cml_LivingCheckController.m in Sources */,
				FE22BA53260300F20070044C /* LivingSettingGLobalData.m in Sources */,
				FE96D6002602131D008CA97F /* STLivenessCamera.m in Sources */,
			);
			runOnlyForDeploymentPostprocessing = 0;
		};
/* End PBXSourcesBuildPhase section */

/* Begin XCBuildConfiguration section */
		014A3B631C6CF33500B6D375 /* Debug */ = {
			isa = XCBuildConfiguration;
			buildSettings = {
				ALWAYS_SEARCH_USER_PATHS = NO;
				CLANG_CXX_LANGUAGE_STANDARD = "gnu++0x";
				CLANG_CXX_LIBRARY = "libc++";
				CLANG_ENABLE_MODULES = YES;
				CLANG_ENABLE_OBJC_ARC = YES;
				CLANG_WARN_BOOL_CONVERSION = YES;
				CLANG_WARN_CONSTANT_CONVERSION = YES;
				CLANG_WARN_DIRECT_OBJC_ISA_USAGE = YES_ERROR;
				CLANG_WARN_EMPTY_BODY = YES;
				CLANG_WARN_ENUM_CONVERSION = YES;
				CLANG_WARN_INT_CONVERSION = YES;
				CLANG_WARN_OBJC_ROOT_CLASS = YES_ERROR;
				CLANG_WARN_UNREACHABLE_CODE = YES;
				CLANG_WARN__DUPLICATE_METHOD_MATCH = YES;
				"CODE_SIGN_IDENTITY[sdk=iphoneos*]" = "iPhone Developer";
				COPY_PHASE_STRIP = NO;
				DEBUG_INFORMATION_FORMAT = dwarf;
				ENABLE_STRICT_OBJC_MSGSEND = YES;
				ENABLE_TESTABILITY = YES;
				GCC_C_LANGUAGE_STANDARD = gnu99;
				GCC_DYNAMIC_NO_PIC = NO;
				GCC_NO_COMMON_BLOCKS = YES;
				GCC_OPTIMIZATION_LEVEL = 0;
				GCC_PREPROCESSOR_DEFINITIONS = (
					"DEBUG=1",
					"$(inherited)",
				);
				GCC_WARN_64_TO_32_BIT_CONVERSION = YES;
				GCC_WARN_ABOUT_RETURN_TYPE = YES_ERROR;
				GCC_WARN_UNDECLARED_SELECTOR = YES;
				GCC_WARN_UNINITIALIZED_AUTOS = YES_AGGRESSIVE;
				GCC_WARN_UNUSED_FUNCTION = YES;
				GCC_WARN_UNUSED_VARIABLE = YES;
				IPHONEOS_DEPLOYMENT_TARGET = 9.0;
				MTL_ENABLE_DEBUG_INFO = YES;
				ONLY_ACTIVE_ARCH = YES;
				SDKROOT = iphoneos;
			};
			name = Debug;
		};
		014A3B641C6CF33500B6D375 /* Release */ = {
			isa = XCBuildConfiguration;
			buildSettings = {
				ALWAYS_SEARCH_USER_PATHS = NO;
				CLANG_CXX_LANGUAGE_STANDARD = "gnu++0x";
				CLANG_CXX_LIBRARY = "libc++";
				CLANG_ENABLE_MODULES = YES;
				CLANG_ENABLE_OBJC_ARC = YES;
				CLANG_WARN_BOOL_CONVERSION = YES;
				CLANG_WARN_CONSTANT_CONVERSION = YES;
				CLANG_WARN_DIRECT_OBJC_ISA_USAGE = YES_ERROR;
				CLANG_WARN_EMPTY_BODY = YES;
				CLANG_WARN_ENUM_CONVERSION = YES;
				CLANG_WARN_INT_CONVERSION = YES;
				CLANG_WARN_OBJC_ROOT_CLASS = YES_ERROR;
				CLANG_WARN_UNREACHABLE_CODE = YES;
				CLANG_WARN__DUPLICATE_METHOD_MATCH = YES;
				"CODE_SIGN_IDENTITY[sdk=iphoneos*]" = "iPhone Developer";
				COPY_PHASE_STRIP = NO;
				DEBUG_INFORMATION_FORMAT = "dwarf-with-dsym";
				ENABLE_NS_ASSERTIONS = NO;
				ENABLE_STRICT_OBJC_MSGSEND = YES;
				GCC_C_LANGUAGE_STANDARD = gnu99;
				GCC_NO_COMMON_BLOCKS = YES;
				GCC_WARN_64_TO_32_BIT_CONVERSION = YES;
				GCC_WARN_ABOUT_RETURN_TYPE = YES_ERROR;
				GCC_WARN_UNDECLARED_SELECTOR = YES;
				GCC_WARN_UNINITIALIZED_AUTOS = YES_AGGRESSIVE;
				GCC_WARN_UNUSED_FUNCTION = YES;
				GCC_WARN_UNUSED_VARIABLE = YES;
				IPHONEOS_DEPLOYMENT_TARGET = 9.0;
				MTL_ENABLE_DEBUG_INFO = NO;
				SDKROOT = iphoneos;
				VALIDATE_PRODUCT = YES;
			};
			name = Release;
		};
		014A3B661C6CF33500B6D375 /* Debug */ = {
			isa = XCBuildConfiguration;
			buildSettings = {
				CLANG_ENABLE_MODULES = YES;
				HEADER_SEARCH_PATHS = (
					"$(BUILT_PRODUCTS_DIR)/usr/local/include",
					"$(inherited)",
				);
				IPHONEOS_DEPLOYMENT_TARGET = 10.0;
				LD_RUNPATH_SEARCH_PATHS = "";
				LIBRARY_SEARCH_PATHS = (
					"$(inherited)",
					"$(PROJECT_DIR)",
					"$(PROJECT_DIR)/STLivenessDetector",
				);
				OTHER_LDFLAGS = "-ObjC";
				PRODUCT_NAME = "$(TARGET_NAME)";
				SKIP_INSTALL = YES;
				SWIFT_OBJC_BRIDGING_HEADER = "motionLiving-Bridging-Header.h";
				SWIFT_OPTIMIZATION_LEVEL = "-Onone";
				SWIFT_VERSION = 5.0;
			};
			name = Debug;
		};
		014A3B671C6CF33500B6D375 /* Release */ = {
			isa = XCBuildConfiguration;
			buildSettings = {
				CLANG_ENABLE_MODULES = YES;
				HEADER_SEARCH_PATHS = (
					"$(BUILT_PRODUCTS_DIR)/usr/local/include",
					"$(inherited)",
				);
				IPHONEOS_DEPLOYMENT_TARGET = 10.0;
				LD_RUNPATH_SEARCH_PATHS = "";
				LIBRARY_SEARCH_PATHS = (
					"$(inherited)",
					"$(PROJECT_DIR)",
					"$(PROJECT_DIR)/STLivenessDetector",
				);
				OTHER_LDFLAGS = "-ObjC";
				PRODUCT_NAME = "$(TARGET_NAME)";
				SKIP_INSTALL = YES;
				SWIFT_OBJC_BRIDGING_HEADER = "motionLiving-Bridging-Header.h";
				SWIFT_VERSION = 5.0;
			};
			name = Release;
		};
/* End XCBuildConfiguration section */

/* Begin XCConfigurationList section */
		014A3B571C6CF33500B6D375 /* Build configuration list for PBXProject "motionLiving" */ = {
			isa = XCConfigurationList;
			buildConfigurations = (
				014A3B631C6CF33500B6D375 /* Debug */,
				014A3B641C6CF33500B6D375 /* Release */,
			);
			defaultConfigurationIsVisible = 0;
			defaultConfigurationName = Release;
		};
		014A3B651C6CF33500B6D375 /* Build configuration list for PBXNativeTarget "motionLiving" */ = {
			isa = XCConfigurationList;
			buildConfigurations = (
				014A3B661C6CF33500B6D375 /* Debug */,
				014A3B671C6CF33500B6D375 /* Release */,
			);
			defaultConfigurationIsVisible = 0;
			defaultConfigurationName = Release;
		};
/* End XCConfigurationList section */
	};
	rootObject = 014A3B541C6CF33500B6D375 /* Project object */;
}
